
Microsoft Visual Studio Solution File, Format Version 12.00
# Visual Studio Version 16
VisualStudioVersion = 16.0.30717.126
MinimumVisualStudioVersion = 15.0.26124.0
Project("{2150E333-8FDC-42A3-9474-1A3956D46DE8}") = "src", "src", "{74008F08-7736-4092-83F2-E6C6B623A630}"
EndProject
Project("{9A19103F-16F7-4668-BE54-9A1E7A4F7556}") = "ProjectsCore", "src\ProjectsCore\ProjectsCore.csproj", "{35767BCF-5B49-42F5-AD04-CD79BAC3EBBA}"
EndProject
Project("{9A19103F-16F7-4668-BE54-9A1E7A4F7556}") = "ProjectsCore.Mongo", "src\ProjectsCore.Mongo\ProjectsCore.Mongo.csproj", "{17875D32-4A87-47AC-AA9C-C87E69D233B2}"
EndProject
Project("{9A19103F-16F7-4668-BE54-9A1E7A4F7556}") = "ProjectsCore.Mongo.ServiceProvider", "src\ProjectsCore.Mongo.ServiceProvider\ProjectsCore.Mongo.ServiceProvider.csproj", "{88770604-4018-4D9F-8CBA-6595FBD3C390}"
EndProject
Project("{9A19103F-16F7-4668-BE54-9A1E7A4F7556}") = "ProjectsCore.Mongo.Testing", "src\ProjectsCore.Mongo.Testing\ProjectsCore.Mongo.Testing.csproj", "{991BBAEC-9C96-47C4-A43B-69C17F0224D4}"
EndProject
Project("{2150E333-8FDC-42A3-9474-1A3956D46DE8}") = "tests", "tests", "{6CE393BE-6499-454F-B200-35FE6593BC70}"
EndProject
Project("{2150E333-8FDC-42A3-9474-1A3956D46DE8}") = "unit", "unit", "{E63F87A3-4116-47B3-936E-881DA33CC48C}"
EndProject
Project("{9A19103F-16F7-4668-BE54-9A1E7A4F7556}") = "ProjectsCore.UnitTests", "tests\unit\ProjectsCore.UnitTests\ProjectsCore.UnitTests.csproj", "{114D6FAE-DB2A-4789-ABC7-0A516AF847E7}"
EndProject
Project("{FAE04EC0-301F-11D3-BF4B-00C04F79EFBC}") = "ProjectsCore.Mongo.UnitTests", "tests\unit\ProjectsCore.Mongo.UnitTests\ProjectsCore.Mongo.UnitTests.csproj", "{C49F4A81-D261-4D69-9373-6321EAB0382D}"
EndProject
Project("{2150E333-8FDC-42A3-9474-1A3956D46DE8}") = "integration", "integration", "{6EAD59C6-A6E2-48B2-AF25-DB3F4CBD76EA}"
EndProject
Project("{FAE04EC0-301F-11D3-BF4B-00C04F79EFBC}") = "ProjectsCore.Mongo.IntegrationTests", "tests\integration\ProjectsCore.Mongo.IntegrationTests\ProjectsCore.Mongo.IntegrationTests.csproj", "{20B478BB-0471-46E8-BB55-2557AD7682C3}"
EndProject
Global
	GlobalSection(SolutionConfigurationPlatforms) = preSolution
		Debug|Any CPU = Debug|Any CPU
		Debug|x64 = Debug|x64
		Debug|x86 = Debug|x86
		Release|Any CPU = Release|Any CPU
		Release|x64 = Release|x64
		Release|x86 = Release|x86
	EndGlobalSection
	GlobalSection(ProjectConfigurationPlatforms) = postSolution
		{35767BCF-5B49-42F5-AD04-CD79BAC3EBBA}.Debug|Any CPU.ActiveCfg = Debug|Any CPU
		{35767BCF-5B49-42F5-AD04-CD79BAC3EBBA}.Debug|Any CPU.Build.0 = Debug|Any CPU
		{35767BCF-5B49-42F5-AD04-CD79BAC3EBBA}.Debug|x64.ActiveCfg = Debug|Any CPU
		{35767BCF-5B49-42F5-AD04-CD79BAC3EBBA}.Debug|x64.Build.0 = Debug|Any CPU
		{35767BCF-5B49-42F5-AD04-CD79BAC3EBBA}.Debug|x86.ActiveCfg = Debug|Any CPU
		{35767BCF-5B49-42F5-AD04-CD79BAC3EBBA}.Debug|x86.Build.0 = Debug|Any CPU
		{35767BCF-5B49-42F5-AD04-CD79BAC3EBBA}.Release|Any CPU.ActiveCfg = Release|Any CPU
		{35767BCF-5B49-42F5-AD04-CD79BAC3EBBA}.Release|Any CPU.Build.0 = Release|Any CPU
		{35767BCF-5B49-42F5-AD04-CD79BAC3EBBA}.Release|x64.ActiveCfg = Release|Any CPU
		{35767BCF-5B49-42F5-AD04-CD79BAC3EBBA}.Release|x64.Build.0 = Release|Any CPU
		{35767BCF-5B49-42F5-AD04-CD79BAC3EBBA}.Release|x86.ActiveCfg = Release|Any CPU
		{35767BCF-5B49-42F5-AD04-CD79BAC3EBBA}.Release|x86.Build.0 = Release|Any CPU
		{17875D32-4A87-47AC-AA9C-C87E69D233B2}.Debug|Any CPU.ActiveCfg = Debug|Any CPU
		{17875D32-4A87-47AC-AA9C-C87E69D233B2}.Debug|Any CPU.Build.0 = Debug|Any CPU
		{17875D32-4A87-47AC-AA9C-C87E69D233B2}.Debug|x64.ActiveCfg = Debug|Any CPU
		{17875D32-4A87-47AC-AA9C-C87E69D233B2}.Debug|x64.Build.0 = Debug|Any CPU
		{17875D32-4A87-47AC-AA9C-C87E69D233B2}.Debug|x86.ActiveCfg = Debug|Any CPU
		{17875D32-4A87-47AC-AA9C-C87E69D233B2}.Debug|x86.Build.0 = Debug|Any CPU
		{17875D32-4A87-47AC-AA9C-C87E69D233B2}.Release|Any CPU.ActiveCfg = Release|Any CPU
		{17875D32-4A87-47AC-AA9C-C87E69D233B2}.Release|Any CPU.Build.0 = Release|Any CPU
		{17875D32-4A87-47AC-AA9C-C87E69D233B2}.Release|x64.ActiveCfg = Release|Any CPU
		{17875D32-4A87-47AC-AA9C-C87E69D233B2}.Release|x64.Build.0 = Release|Any CPU
		{17875D32-4A87-47AC-AA9C-C87E69D233B2}.Release|x86.ActiveCfg = Release|Any CPU
		{17875D32-4A87-47AC-AA9C-C87E69D233B2}.Release|x86.Build.0 = Release|Any CPU
		{88770604-4018-4D9F-8CBA-6595FBD3C390}.Debug|Any CPU.ActiveCfg = Debug|Any CPU
		{88770604-4018-4D9F-8CBA-6595FBD3C390}.Debug|Any CPU.Build.0 = Debug|Any CPU
		{88770604-4018-4D9F-8CBA-6595FBD3C390}.Debug|x64.ActiveCfg = Debug|Any CPU
		{88770604-4018-4D9F-8CBA-6595FBD3C390}.Debug|x64.Build.0 = Debug|Any CPU
		{88770604-4018-4D9F-8CBA-6595FBD3C390}.Debug|x86.ActiveCfg = Debug|Any CPU
		{88770604-4018-4D9F-8CBA-6595FBD3C390}.Debug|x86.Build.0 = Debug|Any CPU
		{88770604-4018-4D9F-8CBA-6595FBD3C390}.Release|Any CPU.ActiveCfg = Release|Any CPU
		{88770604-4018-4D9F-8CBA-6595FBD3C390}.Release|Any CPU.Build.0 = Release|Any CPU
		{88770604-4018-4D9F-8CBA-6595FBD3C390}.Release|x64.ActiveCfg = Release|Any CPU
		{88770604-4018-4D9F-8CBA-6595FBD3C390}.Release|x64.Build.0 = Release|Any CPU
		{88770604-4018-4D9F-8CBA-6595FBD3C390}.Release|x86.ActiveCfg = Release|Any CPU
		{88770604-4018-4D9F-8CBA-6595FBD3C390}.Release|x86.Build.0 = Release|Any CPU
		{991BBAEC-9C96-47C4-A43B-69C17F0224D4}.Debug|Any CPU.ActiveCfg = Debug|Any CPU
		{991BBAEC-9C96-47C4-A43B-69C17F0224D4}.Debug|Any CPU.Build.0 = Debug|Any CPU
		{991BBAEC-9C96-47C4-A43B-69C17F0224D4}.Debug|x64.ActiveCfg = Debug|Any CPU
		{991BBAEC-9C96-47C4-A43B-69C17F0224D4}.Debug|x64.Build.0 = Debug|Any CPU
		{991BBAEC-9C96-47C4-A43B-69C17F0224D4}.Debug|x86.ActiveCfg = Debug|Any CPU
		{991BBAEC-9C96-47C4-A43B-69C17F0224D4}.Debug|x86.Build.0 = Debug|Any CPU
		{991BBAEC-9C96-47C4-A43B-69C17F0224D4}.Release|Any CPU.ActiveCfg = Release|Any CPU
		{991BBAEC-9C96-47C4-A43B-69C17F0224D4}.Release|Any CPU.Build.0 = Release|Any CPU
		{991BBAEC-9C96-47C4-A43B-69C17F0224D4}.Release|x64.ActiveCfg = Release|Any CPU
		{991BBAEC-9C96-47C4-A43B-69C17F0224D4}.Release|x64.Build.0 = Release|Any CPU
		{991BBAEC-9C96-47C4-A43B-69C17F0224D4}.Release|x86.ActiveCfg = Release|Any CPU
		{991BBAEC-9C96-47C4-A43B-69C17F0224D4}.Release|x86.Build.0 = Release|Any CPU
		{114D6FAE-DB2A-4789-ABC7-0A516AF847E7}.Debug|Any CPU.ActiveCfg = Debug|Any CPU
		{114D6FAE-DB2A-4789-ABC7-0A516AF847E7}.Debug|Any CPU.Build.0 = Debug|Any CPU
		{114D6FAE-DB2A-4789-ABC7-0A516AF847E7}.Debug|x64.ActiveCfg = Debug|Any CPU
		{114D6FAE-DB2A-4789-ABC7-0A516AF847E7}.Debug|x64.Build.0 = Debug|Any CPU
		{114D6FAE-DB2A-4789-ABC7-0A516AF847E7}.Debug|x86.ActiveCfg = Debug|Any CPU
		{114D6FAE-DB2A-4789-ABC7-0A516AF847E7}.Debug|x86.Build.0 = Debug|Any CPU
		{114D6FAE-DB2A-4789-ABC7-0A516AF847E7}.Release|Any CPU.ActiveCfg = Release|Any CPU
		{114D6FAE-DB2A-4789-ABC7-0A516AF847E7}.Release|Any CPU.Build.0 = Release|Any CPU
		{114D6FAE-DB2A-4789-ABC7-0A516AF847E7}.Release|x64.ActiveCfg = Release|Any CPU
		{114D6FAE-DB2A-4789-ABC7-0A516AF847E7}.Release|x64.Build.0 = Release|Any CPU
		{114D6FAE-DB2A-4789-ABC7-0A516AF847E7}.Release|x86.ActiveCfg = Release|Any CPU
		{114D6FAE-DB2A-4789-ABC7-0A516AF847E7}.Release|x86.Build.0 = Release|Any CPU
		{C49F4A81-D261-4D69-9373-6321EAB0382D}.Debug|Any CPU.ActiveCfg = Debug|Any CPU
		{C49F4A81-D261-4D69-9373-6321EAB0382D}.Debug|Any CPU.Build.0 = Debug|Any CPU
		{C49F4A81-D261-4D69-9373-6321EAB0382D}.Debug|x64.ActiveCfg = Debug|Any CPU
		{C49F4A81-D261-4D69-9373-6321EAB0382D}.Debug|x64.Build.0 = Debug|Any CPU
		{C49F4A81-D261-4D69-9373-6321EAB0382D}.Debug|x86.ActiveCfg = Debug|Any CPU
		{C49F4A81-D261-4D69-9373-6321EAB0382D}.Debug|x86.Build.0 = Debug|Any CPU
		{C49F4A81-D261-4D69-9373-6321EAB0382D}.Release|Any CPU.ActiveCfg = Release|Any CPU
		{C49F4A81-D261-4D69-9373-6321EAB0382D}.Release|Any CPU.Build.0 = Release|Any CPU
		{C49F4A81-D261-4D69-9373-6321EAB0382D}.Release|x64.ActiveCfg = Release|Any CPU
		{C49F4A81-D261-4D69-9373-6321EAB0382D}.Release|x64.Build.0 = Release|Any CPU
		{C49F4A81-D261-4D69-9373-6321EAB0382D}.Release|x86.ActiveCfg = Release|Any CPU
		{C49F4A81-D261-4D69-9373-6321EAB0382D}.Release|x86.Build.0 = Release|Any CPU
		{20B478BB-0471-46E8-BB55-2557AD7682C3}.Debug|Any CPU.ActiveCfg = Debug|Any CPU
		{20B478BB-0471-46E8-BB55-2557AD7682C3}.Debug|Any CPU.Build.0 = Debug|Any CPU
		{20B478BB-0471-46E8-BB55-2557AD7682C3}.Debug|x64.ActiveCfg = Debug|Any CPU
		{20B478BB-0471-46E8-BB55-2557AD7682C3}.Debug|x64.Build.0 = Debug|Any CPU
		{20B478BB-0471-46E8-BB55-2557AD7682C3}.Debug|x86.ActiveCfg = Debug|Any CPU
		{20B478BB-0471-46E8-BB55-2557AD7682C3}.Debug|x86.Build.0 = Debug|Any CPU
		{20B478BB-0471-46E8-BB55-2557AD7682C3}.Release|Any CPU.ActiveCfg = Release|Any CPU
		{20B478BB-0471-46E8-BB55-2557AD7682C3}.Release|Any CPU.Build.0 = Release|Any CPU
		{20B478BB-0471-46E8-BB55-2557AD7682C3}.Release|x64.ActiveCfg = Release|Any CPU
		{20B478BB-0471-46E8-BB55-2557AD7682C3}.Release|x64.Build.0 = Release|Any CPU
		{20B478BB-0471-46E8-BB55-2557AD7682C3}.Release|x86.ActiveCfg = Release|Any CPU
		{20B478BB-0471-46E8-BB55-2557AD7682C3}.Release|x86.Build.0 = Release|Any CPU
	EndGlobalSection
	GlobalSection(SolutionProperties) = preSolution
		HideSolutionNode = FALSE
	EndGlobalSection
	GlobalSection(NestedProjects) = preSolution
		{35767BCF-5B49-42F5-AD04-CD79BAC3EBBA} = {74008F08-7736-4092-83F2-E6C6B623A630}
		{17875D32-4A87-47AC-AA9C-C87E69D233B2} = {74008F08-7736-4092-83F2-E6C6B623A630}
		{88770604-4018-4D9F-8CBA-6595FBD3C390} = {74008F08-7736-4092-83F2-E6C6B623A630}
		{991BBAEC-9C96-47C4-A43B-69C17F0224D4} = {74008F08-7736-4092-83F2-E6C6B623A630}
		{E63F87A3-4116-47B3-936E-881DA33CC48C} = {6CE393BE-6499-454F-B200-35FE6593BC70}
		{114D6FAE-DB2A-4789-ABC7-0A516AF847E7} = {E63F87A3-4116-47B3-936E-881DA33CC48C}
		{C49F4A81-D261-4D69-9373-6321EAB0382D} = {E63F87A3-4116-47B3-936E-881DA33CC48C}
		{6EAD59C6-A6E2-48B2-AF25-DB3F4CBD76EA} = {6CE393BE-6499-454F-B200-35FE6593BC70}
		{20B478BB-0471-46E8-BB55-2557AD7682C3} = {6EAD59C6-A6E2-48B2-AF25-DB3F4CBD76EA}
	EndGlobalSection
	GlobalSection(ExtensibilityGlobals) = postSolution
		SolutionGuid = {B4FB8B06-999E-41B9-A740-C58E5B38CCA9}
	EndGlobalSection
EndGlobal
